// !$*UTF8*$!
{
	archiveVersion = 1;
	classes = {
	};
	objectVersion = 60;
	objects = {

/* Begin PBXBuildFile section */
		941A9DBA2C4D49D200E35A4B /* EntryVM.swift in Sources */ = {isa = PBXBuildFile; fileRef = 941A9DB92C4D49D200E35A4B /* EntryVM.swift */; };
		941A9DBC2C4D49F000E35A4B /* Login2View.swift in Sources */ = {isa = PBXBuildFile; fileRef = 941A9DBB2C4D49F000E35A4B /* Login2View.swift */; };
		941A9DBE2C4D4A0200E35A4B /* User2ListView.swift in Sources */ = {isa = PBXBuildFile; fileRef = 941A9DBD2C4D4A0200E35A4B /* User2ListView.swift */; };
		941A9DC02C4D4A1200E35A4B /* Register2View.swift in Sources */ = {isa = PBXBuildFile; fileRef = 941A9DBF2C4D4A1200E35A4B /* Register2View.swift */; };
		941A9DC22C4D4A2000E35A4B /* Profile2View.swift in Sources */ = {isa = PBXBuildFile; fileRef = 941A9DC12C4D4A2000E35A4B /* Profile2View.swift */; };
		941A9DC42C4D4A3100E35A4B /* Person2DetailView.swift in Sources */ = {isa = PBXBuildFile; fileRef = 941A9DC32C4D4A3100E35A4B /* Person2DetailView.swift */; };
		941A9DC62C4D4A3C00E35A4B /* Chat2View.swift in Sources */ = {isa = PBXBuildFile; fileRef = 941A9DC52C4D4A3C00E35A4B /* Chat2View.swift */; };
		941A9DC82C4D4A5000E35A4B /* Entry2View.swift in Sources */ = {isa = PBXBuildFile; fileRef = 941A9DC72C4D4A5000E35A4B /* Entry2View.swift */; };
		941A9DCA2C4D4E6100E35A4B /* notification.m4a in Resources */ = {isa = PBXBuildFile; fileRef = 941A9DC92C4D4E6100E35A4B /* notification.m4a */; };
		9491406D2C4C469400622956 /* dismissKeyboard.swift in Sources */ = {isa = PBXBuildFile; fileRef = 9491406C2C4C469000622956 /* dismissKeyboard.swift */; };
		949140762C4C47BA00622956 /* maritalStatus.json in Resources */ = {isa = PBXBuildFile; fileRef = 949140732C4C47BA00622956 /* maritalStatus.json */; };
		949140772C4C47BA00622956 /* regions.json in Resources */ = {isa = PBXBuildFile; fileRef = 949140752C4C47BA00622956 /* regions.json */; };
		949140782C4C47BA00622956 /* chineseZodiacs.json in Resources */ = {isa = PBXBuildFile; fileRef = 949140702C4C47BA00622956 /* chineseZodiacs.json */; };
		949140792C4C47BA00622956 /* badHabits.json in Resources */ = {isa = PBXBuildFile; fileRef = 9491406F2C4C47BA00622956 /* badHabits.json */; };
		9491407A2C4C47BA00622956 /* hasChildren.json in Resources */ = {isa = PBXBuildFile; fileRef = 949140712C4C47BA00622956 /* hasChildren.json */; };
		9491407B2C4C47BA00622956 /* loveLanguages.json in Resources */ = {isa = PBXBuildFile; fileRef = 949140722C4C47BA00622956 /* loveLanguages.json */; };
		9491407C2C4C47BA00622956 /* partnerMethod.json in Resources */ = {isa = PBXBuildFile; fileRef = 949140742C4C47BA00622956 /* partnerMethod.json */; };
		9491407D2C4C47BA00622956 /* astroSigns.json in Resources */ = {isa = PBXBuildFile; fileRef = 9491406E2C4C47BA00622956 /* astroSigns.json */; };
		949140812C4C54DF00622956 /* PhotoPicker.swift in Sources */ = {isa = PBXBuildFile; fileRef = 949140802C4C54DC00622956 /* PhotoPicker.swift */; };
		9492178E2C4C2E8A009C1DCE /* RegionSelectorView.swift in Sources */ = {isa = PBXBuildFile; fileRef = 9492178D2C4C2E87009C1DCE /* RegionSelectorView.swift */; };
		9498EE732C4D0A7900B7B542 /* ProfileView.swift in Sources */ = {isa = PBXBuildFile; fileRef = 9498EE722C4D0A7600B7B542 /* ProfileView.swift */; };
		9498EE752C4D116800B7B542 /* QuizViewModel_ext.swift in Sources */ = {isa = PBXBuildFile; fileRef = 9498EE742C4D116200B7B542 /* QuizViewModel_ext.swift */; };
		9498EE792C4D17A000B7B542 /* EntryView.swift in Sources */ = {isa = PBXBuildFile; fileRef = 9498EE782C4D179D00B7B542 /* EntryView.swift */; };
		9498EE7B2C4D1E1500B7B542 /* sampleUsers.swift in Sources */ = {isa = PBXBuildFile; fileRef = 9498EE7A2C4D1E1200B7B542 /* sampleUsers.swift */; };
		94ABB4C92C2E869700370F39 /* astrodatingApp.swift in Sources */ = {isa = PBXBuildFile; fileRef = 94ABB4C82C2E869700370F39 /* astrodatingApp.swift */; };
		94ABB4CB2C2E869700370F39 /* ContentView.swift in Sources */ = {isa = PBXBuildFile; fileRef = 94ABB4CA2C2E869700370F39 /* ContentView.swift */; };
		94ABB4CD2C2E869800370F39 /* Assets.xcassets in Resources */ = {isa = PBXBuildFile; fileRef = 94ABB4CC2C2E869800370F39 /* Assets.xcassets */; };
		94ABB4D02C2E869800370F39 /* Preview Assets.xcassets in Resources */ = {isa = PBXBuildFile; fileRef = 94ABB4CF2C2E869800370F39 /* Preview Assets.xcassets */; };
		94ABB4DA2C2E869800370F39 /* astrodatingTests.swift in Sources */ = {isa = PBXBuildFile; fileRef = 94ABB4D92C2E869800370F39 /* astrodatingTests.swift */; };
		94ABB4E42C2E869800370F39 /* astrodatingUITests.swift in Sources */ = {isa = PBXBuildFile; fileRef = 94ABB4E32C2E869800370F39 /* astrodatingUITests.swift */; };
		94ABB4E62C2E869800370F39 /* astrodatingUITestsLaunchTests.swift in Sources */ = {isa = PBXBuildFile; fileRef = 94ABB4E52C2E869800370F39 /* astrodatingUITestsLaunchTests.swift */; };
		94ABB4F42C2E896700370F39 /* SDWebImage in Frameworks */ = {isa = PBXBuildFile; productRef = 94ABB4F32C2E896700370F39 /* SDWebImage */; };
		94ABB4F62C2E896700370F39 /* SDWebImageMapKit in Frameworks */ = {isa = PBXBuildFile; productRef = 94ABB4F52C2E896700370F39 /* SDWebImageMapKit */; };
		94ABB4F92C2E898500370F39 /* SDWebImageWebPCoder in Frameworks */ = {isa = PBXBuildFile; productRef = 94ABB4F82C2E898500370F39 /* SDWebImageWebPCoder */; };
		94ABB4FC2C2E905000370F39 /* Info2.plist in Resources */ = {isa = PBXBuildFile; fileRef = 94ABB4FB2C2E905000370F39 /* Info2.plist */; };
		94ABB4FE2C2E957A00370F39 /* Slide.swift in Sources */ = {isa = PBXBuildFile; fileRef = 94ABB4FD2C2E957A00370F39 /* Slide.swift */; };
		94CAE67F2C4CECE40024FB85 /* GradientView.swift in Sources */ = {isa = PBXBuildFile; fileRef = 94CAE67E2C4CECE00024FB85 /* GradientView.swift */; };
		94EC07692C4BE7F5003B61E0 /* QuizView.swift in Sources */ = {isa = PBXBuildFile; fileRef = 94EC07682C4BE7F1003B61E0 /* QuizView.swift */; };
		94EC076B2C4BE8B8003B61E0 /* QuizViewModel.swift in Sources */ = {isa = PBXBuildFile; fileRef = 94EC076A2C4BE8B4003B61E0 /* QuizViewModel.swift */; };
		94EC076D2C4BE927003B61E0 /* Font.swift in Sources */ = {isa = PBXBuildFile; fileRef = 94EC076C2C4BE925003B61E0 /* Font.swift */; };
		94EC076F2C4BEE34003B61E0 /* PatternBackgroundView.swift in Sources */ = {isa = PBXBuildFile; fileRef = 94EC076E2C4BEE33003B61E0 /* PatternBackgroundView.swift */; };
		94EC07712C4BEE92003B61E0 /* Color.swift in Sources */ = {isa = PBXBuildFile; fileRef = 94EC07702C4BEE90003B61E0 /* Color.swift */; };
		94EC07742C4BF540003B61E0 /* TextField.swift in Sources */ = {isa = PBXBuildFile; fileRef = 94EC07732C4BF53D003B61E0 /* TextField.swift */; };
		94EC07762C4BF69F003B61E0 /* Picker.swift in Sources */ = {isa = PBXBuildFile; fileRef = 94EC07752C4BF69C003B61E0 /* Picker.swift */; };
		94EC07782C4BF9B5003B61E0 /* DatePicker.swift in Sources */ = {isa = PBXBuildFile; fileRef = 94EC07772C4BF9B2003B61E0 /* DatePicker.swift */; };
		94FF61952C35D8B500BAA3B2 /* QuestionnaireView.swift in Sources */ = {isa = PBXBuildFile; fileRef = 94FF61942C35D8B500BAA3B2 /* QuestionnaireView.swift */; };
		94FF61982C35D8F100BAA3B2 /* Part1View.swift in Sources */ = {isa = PBXBuildFile; fileRef = 94FF61972C35D8F100BAA3B2 /* Part1View.swift */; };
		94FF619D2C35D90A00BAA3B2 /* RegisterView.swift in Sources */ = {isa = PBXBuildFile; fileRef = 94FF619C2C35D90A00BAA3B2 /* RegisterView.swift */; };
		94FF619F2C35D91000BAA3B2 /* LoginView.swift in Sources */ = {isa = PBXBuildFile; fileRef = 94FF619E2C35D91000BAA3B2 /* LoginView.swift */; };
		94FF61A12C35D91C00BAA3B2 /* PersonDetailView.swift in Sources */ = {isa = PBXBuildFile; fileRef = 94FF61A02C35D91C00BAA3B2 /* PersonDetailView.swift */; };
		94FF61A32C35D97000BAA3B2 /* Person.swift in Sources */ = {isa = PBXBuildFile; fileRef = 94FF61A22C35D97000BAA3B2 /* Person.swift */; };
		94FF61A92C35DA5900BAA3B2 /* Part2View.swift in Sources */ = {isa = PBXBuildFile; fileRef = 94FF61A82C35DA5900BAA3B2 /* Part2View.swift */; };
		94FF61AB2C35DA5F00BAA3B2 /* Part3View.swift in Sources */ = {isa = PBXBuildFile; fileRef = 94FF61AA2C35DA5F00BAA3B2 /* Part3View.swift */; };
		94FF61AD2C35DA6A00BAA3B2 /* Part4View.swift in Sources */ = {isa = PBXBuildFile; fileRef = 94FF61AC2C35DA6A00BAA3B2 /* Part4View.swift */; };
		94FF61AF2C35DA7C00BAA3B2 /* Part5View.swift in Sources */ = {isa = PBXBuildFile; fileRef = 94FF61AE2C35DA7C00BAA3B2 /* Part5View.swift */; };
		94FF61B12C35DA8300BAA3B2 /* Part6View.swift in Sources */ = {isa = PBXBuildFile; fileRef = 94FF61B02C35DA8300BAA3B2 /* Part6View.swift */; };
		94FF61B32C35DA9300BAA3B2 /* Part7View.swift in Sources */ = {isa = PBXBuildFile; fileRef = 94FF61B22C35DA9300BAA3B2 /* Part7View.swift */; };
		94FF61B52C35DAD400BAA3B2 /* Part8View.swift in Sources */ = {isa = PBXBuildFile; fileRef = 94FF61B42C35DAD400BAA3B2 /* Part8View.swift */; };
		94FF61B72C35DB1D00BAA3B2 /* Part10View.swift in Sources */ = {isa = PBXBuildFile; fileRef = 94FF61B62C35DB1D00BAA3B2 /* Part10View.swift */; };
		94FF61B92C35DB2200BAA3B2 /* Part11View.swift in Sources */ = {isa = PBXBuildFile; fileRef = 94FF61B82C35DB2200BAA3B2 /* Part11View.swift */; };
		94FF61BB2C35DB2700BAA3B2 /* Part12View.swift in Sources */ = {isa = PBXBuildFile; fileRef = 94FF61BA2C35DB2700BAA3B2 /* Part12View.swift */; };
		94FF61BD2C35DB2B00BAA3B2 /* Part13View.swift in Sources */ = {isa = PBXBuildFile; fileRef = 94FF61BC2C35DB2B00BAA3B2 /* Part13View.swift */; };
		94FF61BF2C35DB3300BAA3B2 /* Part14View.swift in Sources */ = {isa = PBXBuildFile; fileRef = 94FF61BE2C35DB3300BAA3B2 /* Part14View.swift */; };
		94FF61C12C35DB3800BAA3B2 /* Part15View.swift in Sources */ = {isa = PBXBuildFile; fileRef = 94FF61C02C35DB3800BAA3B2 /* Part15View.swift */; };
		94FF61C52C35DC9700BAA3B2 /* Part9View.swift in Sources */ = {isa = PBXBuildFile; fileRef = 94FF61C42C35DC9700BAA3B2 /* Part9View.swift */; };
		94FF61C72C35DCA900BAA3B2 /* UserListView.swift in Sources */ = {isa = PBXBuildFile; fileRef = 94FF61C62C35DCA900BAA3B2 /* UserListView.swift */; };
		94FF61C92C35DCAF00BAA3B2 /* ChatView.swift in Sources */ = {isa = PBXBuildFile; fileRef = 94FF61C82C35DCAF00BAA3B2 /* ChatView.swift */; };
		94FF61CB2C35DF0A00BAA3B2 /* NavigationLinkModifier.swift in Sources */ = {isa = PBXBuildFile; fileRef = 94FF61CA2C35DF0A00BAA3B2 /* NavigationLinkModifier.swift */; };
/* End PBXBuildFile section */

/* Begin PBXContainerItemProxy section */
		94ABB4D62C2E869800370F39 /* PBXContainerItemProxy */ = {
			isa = PBXContainerItemProxy;
			containerPortal = 94ABB4BD2C2E869700370F39 /* Project object */;
			proxyType = 1;
			remoteGlobalIDString = 94ABB4C42C2E869700370F39;
			remoteInfo = astrodating;
		};
		94ABB4E02C2E869800370F39 /* PBXContainerItemProxy */ = {
			isa = PBXContainerItemProxy;
			containerPortal = 94ABB4BD2C2E869700370F39 /* Project object */;
			proxyType = 1;
			remoteGlobalIDString = 94ABB4C42C2E869700370F39;
			remoteInfo = astrodating;
		};
/* End PBXContainerItemProxy section */

/* Begin PBXFileReference section */
		941A9DB92C4D49D200E35A4B /* EntryVM.swift */ = {isa = PBXFileReference; lastKnownFileType = sourcecode.swift; path = EntryVM.swift; sourceTree = "<group>"; };
		941A9DBB2C4D49F000E35A4B /* Login2View.swift */ = {isa = PBXFileReference; lastKnownFileType = sourcecode.swift; path = Login2View.swift; sourceTree = "<group>"; };
		941A9DBD2C4D4A0200E35A4B /* User2ListView.swift */ = {isa = PBXFileReference; lastKnownFileType = sourcecode.swift; path = User2ListView.swift; sourceTree = "<group>"; };
		941A9DBF2C4D4A1200E35A4B /* Register2View.swift */ = {isa = PBXFileReference; lastKnownFileType = sourcecode.swift; path = Register2View.swift; sourceTree = "<group>"; };
		941A9DC12C4D4A2000E35A4B /* Profile2View.swift */ = {isa = PBXFileReference; lastKnownFileType = sourcecode.swift; path = Profile2View.swift; sourceTree = "<group>"; };
		941A9DC32C4D4A3100E35A4B /* Person2DetailView.swift */ = {isa = PBXFileReference; lastKnownFileType = sourcecode.swift; path = Person2DetailView.swift; sourceTree = "<group>"; };
		941A9DC52C4D4A3C00E35A4B /* Chat2View.swift */ = {isa = PBXFileReference; lastKnownFileType = sourcecode.swift; path = Chat2View.swift; sourceTree = "<group>"; };
		941A9DC72C4D4A5000E35A4B /* Entry2View.swift */ = {isa = PBXFileReference; lastKnownFileType = sourcecode.swift; path = Entry2View.swift; sourceTree = "<group>"; };
		941A9DC92C4D4E6100E35A4B /* notification.m4a */ = {isa = PBXFileReference; lastKnownFileType = file; name = notification.m4a; path = webchat/notification.m4a; sourceTree = SOURCE_ROOT; };
		9491406C2C4C469000622956 /* dismissKeyboard.swift */ = {isa = PBXFileReference; lastKnownFileType = sourcecode.swift; path = dismissKeyboard.swift; sourceTree = "<group>"; };
		9491406E2C4C47BA00622956 /* astroSigns.json */ = {isa = PBXFileReference; lastKnownFileType = text.json; path = astroSigns.json; sourceTree = "<group>"; };
		9491406F2C4C47BA00622956 /* badHabits.json */ = {isa = PBXFileReference; lastKnownFileType = text.json; path = badHabits.json; sourceTree = "<group>"; };
		949140702C4C47BA00622956 /* chineseZodiacs.json */ = {isa = PBXFileReference; lastKnownFileType = text.json; path = chineseZodiacs.json; sourceTree = "<group>"; };
		949140712C4C47BA00622956 /* hasChildren.json */ = {isa = PBXFileReference; lastKnownFileType = text.json; path = hasChildren.json; sourceTree = "<group>"; };
		949140722C4C47BA00622956 /* loveLanguages.json */ = {isa = PBXFileReference; lastKnownFileType = text.json; path = loveLanguages.json; sourceTree = "<group>"; };
		949140732C4C47BA00622956 /* maritalStatus.json */ = {isa = PBXFileReference; lastKnownFileType = text.json; path = maritalStatus.json; sourceTree = "<group>"; };
		949140742C4C47BA00622956 /* partnerMethod.json */ = {isa = PBXFileReference; lastKnownFileType = text.json; path = partnerMethod.json; sourceTree = "<group>"; };
		949140752C4C47BA00622956 /* regions.json */ = {isa = PBXFileReference; lastKnownFileType = text.json; path = regions.json; sourceTree = "<group>"; };
		949140802C4C54DC00622956 /* PhotoPicker.swift */ = {isa = PBXFileReference; lastKnownFileType = sourcecode.swift; path = PhotoPicker.swift; sourceTree = "<group>"; };
		9492178D2C4C2E87009C1DCE /* RegionSelectorView.swift */ = {isa = PBXFileReference; lastKnownFileType = sourcecode.swift; path = RegionSelectorView.swift; sourceTree = "<group>"; };
		9498EE722C4D0A7600B7B542 /* ProfileView.swift */ = {isa = PBXFileReference; lastKnownFileType = sourcecode.swift; path = ProfileView.swift; sourceTree = "<group>"; };
		9498EE742C4D116200B7B542 /* QuizViewModel_ext.swift */ = {isa = PBXFileReference; lastKnownFileType = sourcecode.swift; path = QuizViewModel_ext.swift; sourceTree = "<group>"; };
		9498EE782C4D179D00B7B542 /* EntryView.swift */ = {isa = PBXFileReference; lastKnownFileType = sourcecode.swift; path = EntryView.swift; sourceTree = "<group>"; };
		9498EE7A2C4D1E1200B7B542 /* sampleUsers.swift */ = {isa = PBXFileReference; lastKnownFileType = sourcecode.swift; path = sampleUsers.swift; sourceTree = "<group>"; };
		94ABB4C52C2E869700370F39 /* astrodating.app */ = {isa = PBXFileReference; explicitFileType = wrapper.application; includeInIndex = 0; path = astrodating.app; sourceTree = BUILT_PRODUCTS_DIR; };
		94ABB4C82C2E869700370F39 /* astrodatingApp.swift */ = {isa = PBXFileReference; lastKnownFileType = sourcecode.swift; path = astrodatingApp.swift; sourceTree = "<group>"; };
		94ABB4CA2C2E869700370F39 /* ContentView.swift */ = {isa = PBXFileReference; lastKnownFileType = sourcecode.swift; path = ContentView.swift; sourceTree = "<group>"; };
		94ABB4CC2C2E869800370F39 /* Assets.xcassets */ = {isa = PBXFileReference; lastKnownFileType = folder.assetcatalog; path = Assets.xcassets; sourceTree = "<group>"; };
		94ABB4CF2C2E869800370F39 /* Preview Assets.xcassets */ = {isa = PBXFileReference; lastKnownFileType = folder.assetcatalog; path = "Preview Assets.xcassets"; sourceTree = "<group>"; };
		94ABB4D52C2E869800370F39 /* astrodatingTests.xctest */ = {isa = PBXFileReference; explicitFileType = wrapper.cfbundle; includeInIndex = 0; path = astrodatingTests.xctest; sourceTree = BUILT_PRODUCTS_DIR; };
		94ABB4D92C2E869800370F39 /* astrodatingTests.swift */ = {isa = PBXFileReference; lastKnownFileType = sourcecode.swift; path = astrodatingTests.swift; sourceTree = "<group>"; };
		94ABB4DF2C2E869800370F39 /* astrodatingUITests.xctest */ = {isa = PBXFileReference; explicitFileType = wrapper.cfbundle; includeInIndex = 0; path = astrodatingUITests.xctest; sourceTree = BUILT_PRODUCTS_DIR; };
		94ABB4E32C2E869800370F39 /* astrodatingUITests.swift */ = {isa = PBXFileReference; lastKnownFileType = sourcecode.swift; path = astrodatingUITests.swift; sourceTree = "<group>"; };
		94ABB4E52C2E869800370F39 /* astrodatingUITestsLaunchTests.swift */ = {isa = PBXFileReference; lastKnownFileType = sourcecode.swift; path = astrodatingUITestsLaunchTests.swift; sourceTree = "<group>"; };
		94ABB4FB2C2E905000370F39 /* Info2.plist */ = {isa = PBXFileReference; lastKnownFileType = text.plist.xml; path = Info2.plist; sourceTree = "<group>"; };
		94ABB4FD2C2E957A00370F39 /* Slide.swift */ = {isa = PBXFileReference; lastKnownFileType = sourcecode.swift; path = Slide.swift; sourceTree = "<group>"; };
		94CAE67E2C4CECE00024FB85 /* GradientView.swift */ = {isa = PBXFileReference; lastKnownFileType = sourcecode.swift; path = GradientView.swift; sourceTree = "<group>"; };
		94EC07682C4BE7F1003B61E0 /* QuizView.swift */ = {isa = PBXFileReference; lastKnownFileType = sourcecode.swift; path = QuizView.swift; sourceTree = "<group>"; };
		94EC076A2C4BE8B4003B61E0 /* QuizViewModel.swift */ = {isa = PBXFileReference; lastKnownFileType = sourcecode.swift; path = QuizViewModel.swift; sourceTree = "<group>"; };
		94EC076C2C4BE925003B61E0 /* Font.swift */ = {isa = PBXFileReference; lastKnownFileType = sourcecode.swift; path = Font.swift; sourceTree = "<group>"; };
		94EC076E2C4BEE33003B61E0 /* PatternBackgroundView.swift */ = {isa = PBXFileReference; lastKnownFileType = sourcecode.swift; path = PatternBackgroundView.swift; sourceTree = "<group>"; };
		94EC07702C4BEE90003B61E0 /* Color.swift */ = {isa = PBXFileReference; lastKnownFileType = sourcecode.swift; path = Color.swift; sourceTree = "<group>"; };
		94EC07732C4BF53D003B61E0 /* TextField.swift */ = {isa = PBXFileReference; lastKnownFileType = sourcecode.swift; path = TextField.swift; sourceTree = "<group>"; };
		94EC07752C4BF69C003B61E0 /* Picker.swift */ = {isa = PBXFileReference; lastKnownFileType = sourcecode.swift; path = Picker.swift; sourceTree = "<group>"; };
		94EC07772C4BF9B2003B61E0 /* DatePicker.swift */ = {isa = PBXFileReference; lastKnownFileType = sourcecode.swift; path = DatePicker.swift; sourceTree = "<group>"; };
		94FF61942C35D8B500BAA3B2 /* QuestionnaireView.swift */ = {isa = PBXFileReference; lastKnownFileType = sourcecode.swift; path = QuestionnaireView.swift; sourceTree = "<group>"; };
		94FF61972C35D8F100BAA3B2 /* Part1View.swift */ = {isa = PBXFileReference; lastKnownFileType = sourcecode.swift; path = Part1View.swift; sourceTree = "<group>"; };
		94FF619C2C35D90A00BAA3B2 /* RegisterView.swift */ = {isa = PBXFileReference; lastKnownFileType = sourcecode.swift; path = RegisterView.swift; sourceTree = "<group>"; };
		94FF619E2C35D91000BAA3B2 /* LoginView.swift */ = {isa = PBXFileReference; lastKnownFileType = sourcecode.swift; path = LoginView.swift; sourceTree = "<group>"; };
		94FF61A02C35D91C00BAA3B2 /* PersonDetailView.swift */ = {isa = PBXFileReference; lastKnownFileType = sourcecode.swift; path = PersonDetailView.swift; sourceTree = "<group>"; };
		94FF61A22C35D97000BAA3B2 /* Person.swift */ = {isa = PBXFileReference; lastKnownFileType = sourcecode.swift; path = Person.swift; sourceTree = "<group>"; };
		94FF61A82C35DA5900BAA3B2 /* Part2View.swift */ = {isa = PBXFileReference; lastKnownFileType = sourcecode.swift; path = Part2View.swift; sourceTree = "<group>"; };
		94FF61AA2C35DA5F00BAA3B2 /* Part3View.swift */ = {isa = PBXFileReference; lastKnownFileType = sourcecode.swift; path = Part3View.swift; sourceTree = "<group>"; };
		94FF61AC2C35DA6A00BAA3B2 /* Part4View.swift */ = {isa = PBXFileReference; lastKnownFileType = sourcecode.swift; path = Part4View.swift; sourceTree = "<group>"; };
		94FF61AE2C35DA7C00BAA3B2 /* Part5View.swift */ = {isa = PBXFileReference; lastKnownFileType = sourcecode.swift; path = Part5View.swift; sourceTree = "<group>"; };
		94FF61B02C35DA8300BAA3B2 /* Part6View.swift */ = {isa = PBXFileReference; lastKnownFileType = sourcecode.swift; path = Part6View.swift; sourceTree = "<group>"; };
		94FF61B22C35DA9300BAA3B2 /* Part7View.swift */ = {isa = PBXFileReference; lastKnownFileType = sourcecode.swift; path = Part7View.swift; sourceTree = "<group>"; };
		94FF61B42C35DAD400BAA3B2 /* Part8View.swift */ = {isa = PBXFileReference; lastKnownFileType = sourcecode.swift; path = Part8View.swift; sourceTree = "<group>"; };
		94FF61B62C35DB1D00BAA3B2 /* Part10View.swift */ = {isa = PBXFileReference; lastKnownFileType = sourcecode.swift; path = Part10View.swift; sourceTree = "<group>"; };
		94FF61B82C35DB2200BAA3B2 /* Part11View.swift */ = {isa = PBXFileReference; lastKnownFileType = sourcecode.swift; path = Part11View.swift; sourceTree = "<group>"; };
		94FF61BA2C35DB2700BAA3B2 /* Part12View.swift */ = {isa = PBXFileReference; lastKnownFileType = sourcecode.swift; path = Part12View.swift; sourceTree = "<group>"; };
		94FF61BC2C35DB2B00BAA3B2 /* Part13View.swift */ = {isa = PBXFileReference; lastKnownFileType = sourcecode.swift; path = Part13View.swift; sourceTree = "<group>"; };
		94FF61BE2C35DB3300BAA3B2 /* Part14View.swift */ = {isa = PBXFileReference; lastKnownFileType = sourcecode.swift; path = Part14View.swift; sourceTree = "<group>"; };
		94FF61C02C35DB3800BAA3B2 /* Part15View.swift */ = {isa = PBXFileReference; lastKnownFileType = sourcecode.swift; path = Part15View.swift; sourceTree = "<group>"; };
		94FF61C42C35DC9700BAA3B2 /* Part9View.swift */ = {isa = PBXFileReference; lastKnownFileType = sourcecode.swift; path = Part9View.swift; sourceTree = "<group>"; };
		94FF61C62C35DCA900BAA3B2 /* UserListView.swift */ = {isa = PBXFileReference; lastKnownFileType = sourcecode.swift; path = UserListView.swift; sourceTree = "<group>"; };
		94FF61C82C35DCAF00BAA3B2 /* ChatView.swift */ = {isa = PBXFileReference; lastKnownFileType = sourcecode.swift; path = ChatView.swift; sourceTree = "<group>"; };
		94FF61CA2C35DF0A00BAA3B2 /* NavigationLinkModifier.swift */ = {isa = PBXFileReference; lastKnownFileType = sourcecode.swift; path = NavigationLinkModifier.swift; sourceTree = "<group>"; };
/* End PBXFileReference section */

/* Begin PBXFrameworksBuildPhase section */
		94ABB4C22C2E869700370F39 /* Frameworks */ = {
			isa = PBXFrameworksBuildPhase;
			buildActionMask = 2147483647;
			files = (
				94ABB4F62C2E896700370F39 /* SDWebImageMapKit in Frameworks */,
				94ABB4F42C2E896700370F39 /* SDWebImage in Frameworks */,
				94ABB4F92C2E898500370F39 /* SDWebImageWebPCoder in Frameworks */,
			);
			runOnlyForDeploymentPostprocessing = 0;
		};
		94ABB4D22C2E869800370F39 /* Frameworks */ = {
			isa = PBXFrameworksBuildPhase;
			buildActionMask = 2147483647;
			files = (
			);
			runOnlyForDeploymentPostprocessing = 0;
		};
		94ABB4DC2C2E869800370F39 /* Frameworks */ = {
			isa = PBXFrameworksBuildPhase;
			buildActionMask = 2147483647;
			files = (
			);
			runOnlyForDeploymentPostprocessing = 0;
		};
/* End PBXFrameworksBuildPhase section */

/* Begin PBXGroup section */
		941A9DB82C4D49AE00E35A4B /* routing */ = {
			isa = PBXGroup;
			children = (
				941A9DBB2C4D49F000E35A4B /* Login2View.swift */,
				941A9DBD2C4D4A0200E35A4B /* User2ListView.swift */,
				941A9DBF2C4D4A1200E35A4B /* Register2View.swift */,
				941A9DB92C4D49D200E35A4B /* EntryVM.swift */,
				941A9DC12C4D4A2000E35A4B /* Profile2View.swift */,
				941A9DC32C4D4A3100E35A4B /* Person2DetailView.swift */,
				941A9DC52C4D4A3C00E35A4B /* Chat2View.swift */,
				941A9DC72C4D4A5000E35A4B /* Entry2View.swift */,
			);
			path = routing;
			sourceTree = "<group>";
		};
		94ABB4BC2C2E869700370F39 = {
			isa = PBXGroup;
			children = (
				94ABB4FB2C2E905000370F39 /* Info2.plist */,
				94ABB4C72C2E869700370F39 /* astrodating */,
				94ABB4D82C2E869800370F39 /* astrodatingTests */,
				94ABB4E22C2E869800370F39 /* astrodatingUITests */,
				94ABB4C62C2E869700370F39 /* Products */,
			);
			sourceTree = "<group>";
		};
		94ABB4C62C2E869700370F39 /* Products */ = {
			isa = PBXGroup;
			children = (
				94ABB4C52C2E869700370F39 /* astrodating.app */,
				94ABB4D52C2E869800370F39 /* astrodatingTests.xctest */,
				94ABB4DF2C2E869800370F39 /* astrodatingUITests.xctest */,
			);
			name = Products;
			sourceTree = "<group>";
		};
		94ABB4C72C2E869700370F39 /* astrodating */ = {
			isa = PBXGroup;
			children = (
				941A9DB82C4D49AE00E35A4B /* routing */,
				9498EE782C4D179D00B7B542 /* EntryView.swift */,
				94EC07792C4C0354003B61E0 /* data */,
				94EC07722C4BF52F003B61E0 /* UI */,
				94FF619B2C35D90600BAA3B2 /* User */,
				94FF61962C35D8E900BAA3B2 /* Questionnaire */,
				94ABB4C82C2E869700370F39 /* astrodatingApp.swift */,
				94ABB4CA2C2E869700370F39 /* ContentView.swift */,
				94FF61942C35D8B500BAA3B2 /* QuestionnaireView.swift */,
				94ABB4FD2C2E957A00370F39 /* Slide.swift */,
				94ABB4CC2C2E869800370F39 /* Assets.xcassets */,
				94ABB4CE2C2E869800370F39 /* Preview Content */,
			);
			path = astrodating;
			sourceTree = "<group>";
		};
		94ABB4CE2C2E869800370F39 /* Preview Content */ = {
			isa = PBXGroup;
			children = (
				94ABB4CF2C2E869800370F39 /* Preview Assets.xcassets */,
			);
			path = "Preview Content";
			sourceTree = "<group>";
		};
		94ABB4D82C2E869800370F39 /* astrodatingTests */ = {
			isa = PBXGroup;
			children = (
				94ABB4D92C2E869800370F39 /* astrodatingTests.swift */,
			);
			path = astrodatingTests;
			sourceTree = "<group>";
		};
		94ABB4E22C2E869800370F39 /* astrodatingUITests */ = {
			isa = PBXGroup;
			children = (
				94ABB4E32C2E869800370F39 /* astrodatingUITests.swift */,
				94ABB4E52C2E869800370F39 /* astrodatingUITestsLaunchTests.swift */,
			);
			path = astrodatingUITests;
			sourceTree = "<group>";
		};
		94EC07722C4BF52F003B61E0 /* UI */ = {
			isa = PBXGroup;
			children = (
				949140802C4C54DC00622956 /* PhotoPicker.swift */,
				94CAE67E2C4CECE00024FB85 /* GradientView.swift */,
				9491406C2C4C469000622956 /* dismissKeyboard.swift */,
				9492178D2C4C2E87009C1DCE /* RegionSelectorView.swift */,
				94EC07772C4BF9B2003B61E0 /* DatePicker.swift */,
				94EC07732C4BF53D003B61E0 /* TextField.swift */,
				94EC07752C4BF69C003B61E0 /* Picker.swift */,
				94EC07702C4BEE90003B61E0 /* Color.swift */,
				94EC076E2C4BEE33003B61E0 /* PatternBackgroundView.swift */,
				94EC076C2C4BE925003B61E0 /* Font.swift */,
			);
			path = UI;
			sourceTree = "<group>";
		};
		94EC07792C4C0354003B61E0 /* data */ = {
			isa = PBXGroup;
			children = (
				941A9DC92C4D4E6100E35A4B /* notification.m4a */,
				9491406E2C4C47BA00622956 /* astroSigns.json */,
				9491406F2C4C47BA00622956 /* badHabits.json */,
				949140702C4C47BA00622956 /* chineseZodiacs.json */,
				949140712C4C47BA00622956 /* hasChildren.json */,
				949140722C4C47BA00622956 /* loveLanguages.json */,
				949140732C4C47BA00622956 /* maritalStatus.json */,
				949140742C4C47BA00622956 /* partnerMethod.json */,
				949140752C4C47BA00622956 /* regions.json */,
				94FF61A22C35D97000BAA3B2 /* Person.swift */,
				9498EE742C4D116200B7B542 /* QuizViewModel_ext.swift */,
				94EC076A2C4BE8B4003B61E0 /* QuizViewModel.swift */,
			);
			path = data;
			sourceTree = "<group>";
		};
		94FF61962C35D8E900BAA3B2 /* Questionnaire */ = {
			isa = PBXGroup;
			children = (
				94EC07682C4BE7F1003B61E0 /* QuizView.swift */,
				94FF61972C35D8F100BAA3B2 /* Part1View.swift */,
				94FF61A82C35DA5900BAA3B2 /* Part2View.swift */,
				94FF61AA2C35DA5F00BAA3B2 /* Part3View.swift */,
				94FF61AC2C35DA6A00BAA3B2 /* Part4View.swift */,
				94FF61AE2C35DA7C00BAA3B2 /* Part5View.swift */,
				94FF61B02C35DA8300BAA3B2 /* Part6View.swift */,
				94FF61B22C35DA9300BAA3B2 /* Part7View.swift */,
				94FF61B42C35DAD400BAA3B2 /* Part8View.swift */,
				94FF61C42C35DC9700BAA3B2 /* Part9View.swift */,
				94FF61B62C35DB1D00BAA3B2 /* Part10View.swift */,
				94FF61B82C35DB2200BAA3B2 /* Part11View.swift */,
				94FF61BA2C35DB2700BAA3B2 /* Part12View.swift */,
				94FF61BC2C35DB2B00BAA3B2 /* Part13View.swift */,
				94FF61BE2C35DB3300BAA3B2 /* Part14View.swift */,
				94FF61C02C35DB3800BAA3B2 /* Part15View.swift */,
			);
			path = Questionnaire;
			sourceTree = "<group>";
		};
		94FF619B2C35D90600BAA3B2 /* User */ = {
			isa = PBXGroup;
			children = (
				9498EE7A2C4D1E1200B7B542 /* sampleUsers.swift */,
				94FF61A02C35D91C00BAA3B2 /* PersonDetailView.swift */,
				9498EE722C4D0A7600B7B542 /* ProfileView.swift */,
				94FF619E2C35D91000BAA3B2 /* LoginView.swift */,
				94FF619C2C35D90A00BAA3B2 /* RegisterView.swift */,
				94FF61C62C35DCA900BAA3B2 /* UserListView.swift */,
				94FF61CA2C35DF0A00BAA3B2 /* NavigationLinkModifier.swift */,
				94FF61C82C35DCAF00BAA3B2 /* ChatView.swift */,
			);
			path = User;
			sourceTree = "<group>";
		};
/* End PBXGroup section */

/* Begin PBXNativeTarget section */
		94ABB4C42C2E869700370F39 /* astrodating */ = {
			isa = PBXNativeTarget;
			buildConfigurationList = 94ABB4E92C2E869800370F39 /* Build configuration list for PBXNativeTarget "astrodating" */;
			buildPhases = (
				94ABB4C12C2E869700370F39 /* Sources */,
				94ABB4C22C2E869700370F39 /* Frameworks */,
				94ABB4C32C2E869700370F39 /* Resources */,
			);
			buildRules = (
			);
			dependencies = (
			);
			name = astrodating;
			packageProductDependencies = (
				94ABB4F32C2E896700370F39 /* SDWebImage */,
				94ABB4F52C2E896700370F39 /* SDWebImageMapKit */,
				94ABB4F82C2E898500370F39 /* SDWebImageWebPCoder */,
			);
			productName = astrodating;
			productReference = 94ABB4C52C2E869700370F39 /* astrodating.app */;
			productType = "com.apple.product-type.application";
		};
		94ABB4D42C2E869800370F39 /* astrodatingTests */ = {
			isa = PBXNativeTarget;
			buildConfigurationList = 94ABB4EC2C2E869800370F39 /* Build configuration list for PBXNativeTarget "astrodatingTests" */;
			buildPhases = (
				94ABB4D12C2E869800370F39 /* Sources */,
				94ABB4D22C2E869800370F39 /* Frameworks */,
				94ABB4D32C2E869800370F39 /* Resources */,
			);
			buildRules = (
			);
			dependencies = (
				94ABB4D72C2E869800370F39 /* PBXTargetDependency */,
			);
			name = astrodatingTests;
			productName = astrodatingTests;
			productReference = 94ABB4D52C2E869800370F39 /* astrodatingTests.xctest */;
			productType = "com.apple.product-type.bundle.unit-test";
		};
		94ABB4DE2C2E869800370F39 /* astrodatingUITests */ = {
			isa = PBXNativeTarget;
			buildConfigurationList = 94ABB4EF2C2E869800370F39 /* Build configuration list for PBXNativeTarget "astrodatingUITests" */;
			buildPhases = (
				94ABB4DB2C2E869800370F39 /* Sources */,
				94ABB4DC2C2E869800370F39 /* Frameworks */,
				94ABB4DD2C2E869800370F39 /* Resources */,
			);
			buildRules = (
			);
			dependencies = (
				94ABB4E12C2E869800370F39 /* PBXTargetDependency */,
			);
			name = astrodatingUITests;
			productName = astrodatingUITests;
			productReference = 94ABB4DF2C2E869800370F39 /* astrodatingUITests.xctest */;
			productType = "com.apple.product-type.bundle.ui-testing";
		};
/* End PBXNativeTarget section */

/* Begin PBXProject section */
		94ABB4BD2C2E869700370F39 /* Project object */ = {
			isa = PBXProject;
			attributes = {
				BuildIndependentTargetsInParallel = 1;
				LastSwiftUpdateCheck = 1600;
				LastUpgradeCheck = 1600;
				TargetAttributes = {
					94ABB4C42C2E869700370F39 = {
						CreatedOnToolsVersion = 16.0;
					};
					94ABB4D42C2E869800370F39 = {
						CreatedOnToolsVersion = 16.0;
						TestTargetID = 94ABB4C42C2E869700370F39;
					};
					94ABB4DE2C2E869800370F39 = {
						CreatedOnToolsVersion = 16.0;
						TestTargetID = 94ABB4C42C2E869700370F39;
					};
				};
			};
			buildConfigurationList = 94ABB4C02C2E869700370F39 /* Build configuration list for PBXProject "astrodating" */;
			compatibilityVersion = "Xcode 15.0";
			developmentRegion = en;
			hasScannedForEncodings = 0;
			knownRegions = (
				en,
				Base,
			);
			mainGroup = 94ABB4BC2C2E869700370F39;
			packageReferences = (
				94ABB4F22C2E896700370F39 /* XCRemoteSwiftPackageReference "SDWebImage" */,
				94ABB4F72C2E898500370F39 /* XCRemoteSwiftPackageReference "SDWebImageWebPCoder" */,
			);
			productRefGroup = 94ABB4C62C2E869700370F39 /* Products */;
			projectDirPath = "";
			projectRoot = "";
			targets = (
				94ABB4C42C2E869700370F39 /* astrodating */,
				94ABB4D42C2E869800370F39 /* astrodatingTests */,
				94ABB4DE2C2E869800370F39 /* astrodatingUITests */,
			);
		};
/* End PBXProject section */

/* Begin PBXResourcesBuildPhase section */
		94ABB4C32C2E869700370F39 /* Resources */ = {
			isa = PBXResourcesBuildPhase;
			buildActionMask = 2147483647;
			files = (
				94ABB4D02C2E869800370F39 /* Preview Assets.xcassets in Resources */,
				949140762C4C47BA00622956 /* maritalStatus.json in Resources */,
				949140772C4C47BA00622956 /* regions.json in Resources */,
				949140782C4C47BA00622956 /* chineseZodiacs.json in Resources */,
				949140792C4C47BA00622956 /* badHabits.json in Resources */,
				9491407A2C4C47BA00622956 /* hasChildren.json in Resources */,
				9491407B2C4C47BA00622956 /* loveLanguages.json in Resources */,
				941A9DCA2C4D4E6100E35A4B /* notification.m4a in Resources */,
				9491407C2C4C47BA00622956 /* partnerMethod.json in Resources */,
				9491407D2C4C47BA00622956 /* astroSigns.json in Resources */,
				94ABB4CD2C2E869800370F39 /* Assets.xcassets in Resources */,
				94ABB4FC2C2E905000370F39 /* Info2.plist in Resources */,
			);
			runOnlyForDeploymentPostprocessing = 0;
		};
		94ABB4D32C2E869800370F39 /* Resources */ = {
			isa = PBXResourcesBuildPhase;
			buildActionMask = 2147483647;
			files = (
			);
			runOnlyForDeploymentPostprocessing = 0;
		};
		94ABB4DD2C2E869800370F39 /* Resources */ = {
			isa = PBXResourcesBuildPhase;
			buildActionMask = 2147483647;
			files = (
			);
			runOnlyForDeploymentPostprocessing = 0;
		};
/* End PBXResourcesBuildPhase section */

/* Begin PBXSourcesBuildPhase section */
		94ABB4C12C2E869700370F39 /* Sources */ = {
			isa = PBXSourcesBuildPhase;
			buildActionMask = 2147483647;
			files = (
				94FF61AD2C35DA6A00BAA3B2 /* Part4View.swift in Sources */,
				94FF61A32C35D97000BAA3B2 /* Person.swift in Sources */,
				941A9DC02C4D4A1200E35A4B /* Register2View.swift in Sources */,
				94EC07712C4BEE92003B61E0 /* Color.swift in Sources */,
				941A9DBA2C4D49D200E35A4B /* EntryVM.swift in Sources */,
				94FF61BF2C35DB3300BAA3B2 /* Part14View.swift in Sources */,
				94EC076B2C4BE8B8003B61E0 /* QuizViewModel.swift in Sources */,
				94FF61B12C35DA8300BAA3B2 /* Part6View.swift in Sources */,
				94FF61C92C35DCAF00BAA3B2 /* ChatView.swift in Sources */,
				94FF61952C35D8B500BAA3B2 /* QuestionnaireView.swift in Sources */,
				94EC07692C4BE7F5003B61E0 /* QuizView.swift in Sources */,
				94FF61B72C35DB1D00BAA3B2 /* Part10View.swift in Sources */,
				94FF61BB2C35DB2700BAA3B2 /* Part12View.swift in Sources */,
				94FF61CB2C35DF0A00BAA3B2 /* NavigationLinkModifier.swift in Sources */,
				94FF61A92C35DA5900BAA3B2 /* Part2View.swift in Sources */,
				94ABB4FE2C2E957A00370F39 /* Slide.swift in Sources */,
				94FF61AB2C35DA5F00BAA3B2 /* Part3View.swift in Sources */,
				94FF61B32C35DA9300BAA3B2 /* Part7View.swift in Sources */,
				94EC076F2C4BEE34003B61E0 /* PatternBackgroundView.swift in Sources */,
				941A9DC22C4D4A2000E35A4B /* Profile2View.swift in Sources */,
				94FF619D2C35D90A00BAA3B2 /* RegisterView.swift in Sources */,
				94FF61A12C35D91C00BAA3B2 /* PersonDetailView.swift in Sources */,
				94FF61B52C35DAD400BAA3B2 /* Part8View.swift in Sources */,
				94FF61AF2C35DA7C00BAA3B2 /* Part5View.swift in Sources */,
				94EC07762C4BF69F003B61E0 /* Picker.swift in Sources */,
				941A9DC42C4D4A3100E35A4B /* Person2DetailView.swift in Sources */,
				94CAE67F2C4CECE40024FB85 /* GradientView.swift in Sources */,
				941A9DBE2C4D4A0200E35A4B /* User2ListView.swift in Sources */,
				94EC07742C4BF540003B61E0 /* TextField.swift in Sources */,
				94FF61982C35D8F100BAA3B2 /* Part1View.swift in Sources */,
				94FF61C72C35DCA900BAA3B2 /* UserListView.swift in Sources */,
				94FF61C52C35DC9700BAA3B2 /* Part9View.swift in Sources */,
				94EC076D2C4BE927003B61E0 /* Font.swift in Sources */,
				941A9DBC2C4D49F000E35A4B /* Login2View.swift in Sources */,
				94FF61BD2C35DB2B00BAA3B2 /* Part13View.swift in Sources */,
				94FF61C12C35DB3800BAA3B2 /* Part15View.swift in Sources */,
				941A9DC62C4D4A3C00E35A4B /* Chat2View.swift in Sources */,
				94ABB4CB2C2E869700370F39 /* ContentView.swift in Sources */,
				9498EE732C4D0A7900B7B542 /* ProfileView.swift in Sources */,
				94FF619F2C35D91000BAA3B2 /* LoginView.swift in Sources */,
				949140812C4C54DF00622956 /* PhotoPicker.swift in Sources */,
				9498EE752C4D116800B7B542 /* QuizViewModel_ext.swift in Sources */,
				9491406D2C4C469400622956 /* dismissKeyboard.swift in Sources */,
				94ABB4C92C2E869700370F39 /* astrodatingApp.swift in Sources */,
				9492178E2C4C2E8A009C1DCE /* RegionSelectorView.swift in Sources */,
				9498EE7B2C4D1E1500B7B542 /* sampleUsers.swift in Sources */,
				94FF61B92C35DB2200BAA3B2 /* Part11View.swift in Sources */,
				94EC07782C4BF9B5003B61E0 /* DatePicker.swift in Sources */,
				941A9DC82C4D4A5000E35A4B /* Entry2View.swift in Sources */,
				9498EE792C4D17A000B7B542 /* EntryView.swift in Sources */,
			);
			runOnlyForDeploymentPostprocessing = 0;
		};
		94ABB4D12C2E869800370F39 /* Sources */ = {
			isa = PBXSourcesBuildPhase;
			buildActionMask = 2147483647;
			files = (
				94ABB4DA2C2E869800370F39 /* astrodatingTests.swift in Sources */,
			);
			runOnlyForDeploymentPostprocessing = 0;
		};
		94ABB4DB2C2E869800370F39 /* Sources */ = {
			isa = PBXSourcesBuildPhase;
			buildActionMask = 2147483647;
			files = (
				94ABB4E42C2E869800370F39 /* astrodatingUITests.swift in Sources */,
				94ABB4E62C2E869800370F39 /* astrodatingUITestsLaunchTests.swift in Sources */,
			);
			runOnlyForDeploymentPostprocessing = 0;
		};
/* End PBXSourcesBuildPhase section */

/* Begin PBXTargetDependency section */
		94ABB4D72C2E869800370F39 /* PBXTargetDependency */ = {
			isa = PBXTargetDependency;
			target = 94ABB4C42C2E869700370F39 /* astrodating */;
			targetProxy = 94ABB4D62C2E869800370F39 /* PBXContainerItemProxy */;
		};
		94ABB4E12C2E869800370F39 /* PBXTargetDependency */ = {
			isa = PBXTargetDependency;
			target = 94ABB4C42C2E869700370F39 /* astrodating */;
			targetProxy = 94ABB4E02C2E869800370F39 /* PBXContainerItemProxy */;
		};
/* End PBXTargetDependency section */

/* Begin XCBuildConfiguration section */
		94ABB4E72C2E869800370F39 /* Debug */ = {
			isa = XCBuildConfiguration;
			buildSettings = {
				ALWAYS_SEARCH_USER_PATHS = NO;
				ASSETCATALOG_COMPILER_GENERATE_SWIFT_ASSET_SYMBOL_EXTENSIONS = YES;
				CLANG_ANALYZER_NONNULL = YES;
				CLANG_ANALYZER_NUMBER_OBJECT_CONVERSION = YES_AGGRESSIVE;
				CLANG_CXX_LANGUAGE_STANDARD = "gnu++20";
				CLANG_ENABLE_MODULES = YES;
				CLANG_ENABLE_OBJC_ARC = YES;
				CLANG_ENABLE_OBJC_WEAK = YES;
				CLANG_WARN_BLOCK_CAPTURE_AUTORELEASING = YES;
				CLANG_WARN_BOOL_CONVERSION = YES;
				CLANG_WARN_COMMA = YES;
				CLANG_WARN_CONSTANT_CONVERSION = YES;
				CLANG_WARN_DEPRECATED_OBJC_IMPLEMENTATIONS = YES;
				CLANG_WARN_DIRECT_OBJC_ISA_USAGE = YES_ERROR;
				CLANG_WARN_DOCUMENTATION_COMMENTS = YES;
				CLANG_WARN_EMPTY_BODY = YES;
				CLANG_WARN_ENUM_CONVERSION = YES;
				CLANG_WARN_INFINITE_RECURSION = YES;
				CLANG_WARN_INT_CONVERSION = YES;
				CLANG_WARN_NON_LITERAL_NULL_CONVERSION = YES;
				CLANG_WARN_OBJC_IMPLICIT_RETAIN_SELF = YES;
				CLANG_WARN_OBJC_LITERAL_CONVERSION = YES;
				CLANG_WARN_OBJC_ROOT_CLASS = YES_ERROR;
				CLANG_WARN_QUOTED_INCLUDE_IN_FRAMEWORK_HEADER = YES;
				CLANG_WARN_RANGE_LOOP_ANALYSIS = YES;
				CLANG_WARN_STRICT_PROTOTYPES = YES;
				CLANG_WARN_SUSPICIOUS_MOVE = YES;
				CLANG_WARN_UNGUARDED_AVAILABILITY = YES_AGGRESSIVE;
				CLANG_WARN_UNREACHABLE_CODE = YES;
				CLANG_WARN__DUPLICATE_METHOD_MATCH = YES;
				COPY_PHASE_STRIP = NO;
				DEBUG_INFORMATION_FORMAT = dwarf;
				ENABLE_STRICT_OBJC_MSGSEND = YES;
				ENABLE_TESTABILITY = YES;
				ENABLE_USER_SCRIPT_SANDBOXING = YES;
				GCC_C_LANGUAGE_STANDARD = gnu17;
				GCC_DYNAMIC_NO_PIC = NO;
				GCC_NO_COMMON_BLOCKS = YES;
				GCC_OPTIMIZATION_LEVEL = 0;
				GCC_PREPROCESSOR_DEFINITIONS = (
					"DEBUG=1",
					"$(inherited)",
				);
				GCC_WARN_64_TO_32_BIT_CONVERSION = YES;
				GCC_WARN_ABOUT_RETURN_TYPE = YES_ERROR;
				GCC_WARN_UNDECLARED_SELECTOR = YES;
				GCC_WARN_UNINITIALIZED_AUTOS = YES_AGGRESSIVE;
				GCC_WARN_UNUSED_FUNCTION = YES;
				GCC_WARN_UNUSED_VARIABLE = YES;
				IPHONEOS_DEPLOYMENT_TARGET = 17.5;
				LOCALIZATION_PREFERS_STRING_CATALOGS = YES;
				MTL_ENABLE_DEBUG_INFO = INCLUDE_SOURCE;
				MTL_FAST_MATH = YES;
				ONLY_ACTIVE_ARCH = YES;
				SDKROOT = iphoneos;
				SWIFT_ACTIVE_COMPILATION_CONDITIONS = "DEBUG $(inherited)";
				SWIFT_OPTIMIZATION_LEVEL = "-Onone";
			};
			name = Debug;
		};
		94ABB4E82C2E869800370F39 /* Release */ = {
			isa = XCBuildConfiguration;
			buildSettings = {
				ALWAYS_SEARCH_USER_PATHS = NO;
				ASSETCATALOG_COMPILER_GENERATE_SWIFT_ASSET_SYMBOL_EXTENSIONS = YES;
				CLANG_ANALYZER_NONNULL = YES;
				CLANG_ANALYZER_NUMBER_OBJECT_CONVERSION = YES_AGGRESSIVE;
				CLANG_CXX_LANGUAGE_STANDARD = "gnu++20";
				CLANG_ENABLE_MODULES = YES;
				CLANG_ENABLE_OBJC_ARC = YES;
				CLANG_ENABLE_OBJC_WEAK = YES;
				CLANG_WARN_BLOCK_CAPTURE_AUTORELEASING = YES;
				CLANG_WARN_BOOL_CONVERSION = YES;
				CLANG_WARN_COMMA = YES;
				CLANG_WARN_CONSTANT_CONVERSION = YES;
				CLANG_WARN_DEPRECATED_OBJC_IMPLEMENTATIONS = YES;
				CLANG_WARN_DIRECT_OBJC_ISA_USAGE = YES_ERROR;
				CLANG_WARN_DOCUMENTATION_COMMENTS = YES;
				CLANG_WARN_EMPTY_BODY = YES;
				CLANG_WARN_ENUM_CONVERSION = YES;
				CLANG_WARN_INFINITE_RECURSION = YES;
				CLANG_WARN_INT_CONVERSION = YES;
				CLANG_WARN_NON_LITERAL_NULL_CONVERSION = YES;
				CLANG_WARN_OBJC_IMPLICIT_RETAIN_SELF = YES;
				CLANG_WARN_OBJC_LITERAL_CONVERSION = YES;
				CLANG_WARN_OBJC_ROOT_CLASS = YES_ERROR;
				CLANG_WARN_QUOTED_INCLUDE_IN_FRAMEWORK_HEADER = YES;
				CLANG_WARN_RANGE_LOOP_ANALYSIS = YES;
				CLANG_WARN_STRICT_PROTOTYPES = YES;
				CLANG_WARN_SUSPICIOUS_MOVE = YES;
				CLANG_WARN_UNGUARDED_AVAILABILITY = YES_AGGRESSIVE;
				CLANG_WARN_UNREACHABLE_CODE = YES;
				CLANG_WARN__DUPLICATE_METHOD_MATCH = YES;
				COPY_PHASE_STRIP = NO;
				DEBUG_INFORMATION_FORMAT = "dwarf-with-dsym";
				ENABLE_NS_ASSERTIONS = NO;
				ENABLE_STRICT_OBJC_MSGSEND = YES;
				ENABLE_USER_SCRIPT_SANDBOXING = YES;
				GCC_C_LANGUAGE_STANDARD = gnu17;
				GCC_NO_COMMON_BLOCKS = YES;
				GCC_WARN_64_TO_32_BIT_CONVERSION = YES;
				GCC_WARN_ABOUT_RETURN_TYPE = YES_ERROR;
				GCC_WARN_UNDECLARED_SELECTOR = YES;
				GCC_WARN_UNINITIALIZED_AUTOS = YES_AGGRESSIVE;
				GCC_WARN_UNUSED_FUNCTION = YES;
				GCC_WARN_UNUSED_VARIABLE = YES;
				IPHONEOS_DEPLOYMENT_TARGET = 17.5;
				LOCALIZATION_PREFERS_STRING_CATALOGS = YES;
				MTL_ENABLE_DEBUG_INFO = NO;
				MTL_FAST_MATH = YES;
				SDKROOT = iphoneos;
				SWIFT_COMPILATION_MODE = wholemodule;
				VALIDATE_PRODUCT = YES;
			};
			name = Release;
		};
		94ABB4EA2C2E869800370F39 /* Debug */ = {
			isa = XCBuildConfiguration;
			buildSettings = {
				ASSETCATALOG_COMPILER_APPICON_NAME = AppIcon;
				ASSETCATALOG_COMPILER_GLOBAL_ACCENT_COLOR_NAME = AccentColor;
				CODE_SIGN_STYLE = Automatic;
				CURRENT_PROJECT_VERSION = 3;
				DEVELOPMENT_ASSET_PATHS = "\"astrodating/Preview Content\"";
				DEVELOPMENT_TEAM = RSD67YH647;
				ENABLE_PREVIEWS = YES;
				GENERATE_INFOPLIST_FILE = YES;
				INFOPLIST_FILE = "$(SRCROOT)/Info2.plist";
				INFOPLIST_KEY_UIApplicationSceneManifest_Generation = YES;
				INFOPLIST_KEY_UIApplicationSupportsIndirectInputEvents = YES;
				INFOPLIST_KEY_UILaunchScreen_Generation = YES;
				INFOPLIST_KEY_UISupportedInterfaceOrientations = UIInterfaceOrientationPortrait;
				INFOPLIST_KEY_UISupportedInterfaceOrientations_iPad = "UIInterfaceOrientationLandscapeLeft UIInterfaceOrientationLandscapeRight UIInterfaceOrientationPortrait UIInterfaceOrientationPortraitUpsideDown";
				IPHONEOS_DEPLOYMENT_TARGET = 15.0;
				LD_RUNPATH_SEARCH_PATHS = (
					"$(inherited)",
					"@executable_path/Frameworks",
				);
				MARKETING_VERSION = 0.0.3;
				PRODUCT_BUNDLE_IDENTIFIER = astrodating.ru;
				PRODUCT_NAME = "$(TARGET_NAME)";
				SWIFT_EMIT_LOC_STRINGS = YES;
				SWIFT_VERSION = 5.0;
				TARGETED_DEVICE_FAMILY = "1,2";
			};
			name = Debug;
		};
		94ABB4EB2C2E869800370F39 /* Release */ = {
			isa = XCBuildConfiguration;
			buildSettings = {
				ASSETCATALOG_COMPILER_APPICON_NAME = AppIcon;
				ASSETCATALOG_COMPILER_GLOBAL_ACCENT_COLOR_NAME = AccentColor;
				CODE_SIGN_STYLE = Automatic;
				CURRENT_PROJECT_VERSION = 3;
				DEVELOPMENT_ASSET_PATHS = "\"astrodating/Preview Content\"";
				DEVELOPMENT_TEAM = RSD67YH647;
				ENABLE_PREVIEWS = YES;
				GENERATE_INFOPLIST_FILE = YES;
				INFOPLIST_FILE = "$(SRCROOT)/Info2.plist";
				INFOPLIST_KEY_UIApplicationSceneManifest_Generation = YES;
				INFOPLIST_KEY_UIApplicationSupportsIndirectInputEvents = YES;
				INFOPLIST_KEY_UILaunchScreen_Generation = YES;
				INFOPLIST_KEY_UISupportedInterfaceOrientations = UIInterfaceOrientationPortrait;
				INFOPLIST_KEY_UISupportedInterfaceOrientations_iPad = "UIInterfaceOrientationLandscapeLeft UIInterfaceOrientationLandscapeRight UIInterfaceOrientationPortrait UIInterfaceOrientationPortraitUpsideDown";
				IPHONEOS_DEPLOYMENT_TARGET = 15.0;
				LD_RUNPATH_SEARCH_PATHS = (
					"$(inherited)",
					"@executable_path/Frameworks",
				);
				MARKETING_VERSION = 0.0.3;
				PRODUCT_BUNDLE_IDENTIFIER = astrodating.ru;
				PRODUCT_NAME = "$(TARGET_NAME)";
				SWIFT_EMIT_LOC_STRINGS = YES;
				SWIFT_VERSION = 5.0;
				TARGETED_DEVICE_FAMILY = "1,2";
			};
			name = Release;
		};
		94ABB4ED2C2E869800370F39 /* Debug */ = {
			isa = XCBuildConfiguration;
			buildSettings = {
				BUNDLE_LOADER = "$(TEST_HOST)";
				CODE_SIGN_STYLE = Automatic;
				CURRENT_PROJECT_VERSION = 1;
				DEVELOPMENT_TEAM = RSD67YH647;
				GENERATE_INFOPLIST_FILE = YES;
				IPHONEOS_DEPLOYMENT_TARGET = 18.0;
				MARKETING_VERSION = 1.0;
				PRODUCT_BUNDLE_IDENTIFIER = ru.astrodatingTests;
				PRODUCT_NAME = "$(TARGET_NAME)";
				SWIFT_EMIT_LOC_STRINGS = NO;
				SWIFT_VERSION = 5.0;
				TARGETED_DEVICE_FAMILY = "1,2";
				TEST_HOST = "$(BUILT_PRODUCTS_DIR)/astrodating.app/$(BUNDLE_EXECUTABLE_FOLDER_PATH)/astrodating";
			};
			name = Debug;
		};
		94ABB4EE2C2E869800370F39 /* Release */ = {
			isa = XCBuildConfiguration;
			buildSettings = {
				BUNDLE_LOADER = "$(TEST_HOST)";
				CODE_SIGN_STYLE = Automatic;
				CURRENT_PROJECT_VERSION = 1;
				DEVELOPMENT_TEAM = RSD67YH647;
				GENERATE_INFOPLIST_FILE = YES;
				IPHONEOS_DEPLOYMENT_TARGET = 18.0;
				MARKETING_VERSION = 1.0;
				PRODUCT_BUNDLE_IDENTIFIER = ru.astrodatingTests;
				PRODUCT_NAME = "$(TARGET_NAME)";
				SWIFT_EMIT_LOC_STRINGS = NO;
				SWIFT_VERSION = 5.0;
				TARGETED_DEVICE_FAMILY = "1,2";
				TEST_HOST = "$(BUILT_PRODUCTS_DIR)/astrodating.app/$(BUNDLE_EXECUTABLE_FOLDER_PATH)/astrodating";
			};
			name = Release;
		};
		94ABB4F02C2E869800370F39 /* Debug */ = {
			isa = XCBuildConfiguration;
			buildSettings = {
				CODE_SIGN_STYLE = Automatic;
				CURRENT_PROJECT_VERSION = 1;
				DEVELOPMENT_TEAM = RSD67YH647;
				GENERATE_INFOPLIST_FILE = YES;
				MARKETING_VERSION = 1.0;
				PRODUCT_BUNDLE_IDENTIFIER = ru.astrodatingUITests;
				PRODUCT_NAME = "$(TARGET_NAME)";
				SWIFT_EMIT_LOC_STRINGS = NO;
				SWIFT_VERSION = 5.0;
				TARGETED_DEVICE_FAMILY = "1,2";
				TEST_TARGET_NAME = astrodating;
			};
			name = Debug;
		};
		94ABB4F12C2E869800370F39 /* Release */ = {
			isa = XCBuildConfiguration;
			buildSettings = {
				CODE_SIGN_STYLE = Automatic;
				CURRENT_PROJECT_VERSION = 1;
				DEVELOPMENT_TEAM = RSD67YH647;
				GENERATE_INFOPLIST_FILE = YES;
				MARKETING_VERSION = 1.0;
				PRODUCT_BUNDLE_IDENTIFIER = ru.astrodatingUITests;
				PRODUCT_NAME = "$(TARGET_NAME)";
				SWIFT_EMIT_LOC_STRINGS = NO;
				SWIFT_VERSION = 5.0;
				TARGETED_DEVICE_FAMILY = "1,2";
				TEST_TARGET_NAME = astrodating;
			};
			name = Release;
		};
/* End XCBuildConfiguration section */

/* Begin XCConfigurationList section */
		94ABB4C02C2E869700370F39 /* Build configuration list for PBXProject "astrodating" */ = {
			isa = XCConfigurationList;
			buildConfigurations = (
				94ABB4E72C2E869800370F39 /* Debug */,
				94ABB4E82C2E869800370F39 /* Release */,
			);
			defaultConfigurationIsVisible = 0;
			defaultConfigurationName = Release;
		};
		94ABB4E92C2E869800370F39 /* Build configuration list for PBXNativeTarget "astrodating" */ = {
			isa = XCConfigurationList;
			buildConfigurations = (
				94ABB4EA2C2E869800370F39 /* Debug */,
				94ABB4EB2C2E869800370F39 /* Release */,
			);
			defaultConfigurationIsVisible = 0;
			defaultConfigurationName = Release;
		};
		94ABB4EC2C2E869800370F39 /* Build configuration list for PBXNativeTarget "astrodatingTests" */ = {
			isa = XCConfigurationList;
			buildConfigurations = (
				94ABB4ED2C2E869800370F39 /* Debug */,
				94ABB4EE2C2E869800370F39 /* Release */,
			);
			defaultConfigurationIsVisible = 0;
			defaultConfigurationName = Release;
		};
		94ABB4EF2C2E869800370F39 /* Build configuration list for PBXNativeTarget "astrodatingUITests" */ = {
			isa = XCConfigurationList;
			buildConfigurations = (
				94ABB4F02C2E869800370F39 /* Debug */,
				94ABB4F12C2E869800370F39 /* Release */,
			);
			defaultConfigurationIsVisible = 0;
			defaultConfigurationName = Release;
		};
/* End XCConfigurationList section */

/* Begin XCRemoteSwiftPackageReference section */
		94ABB4F22C2E896700370F39 /* XCRemoteSwiftPackageReference "SDWebImage" */ = {
			isa = XCRemoteSwiftPackageReference;
			repositoryURL = "https://github.com/SDWebImage/SDWebImage.git";
			requirement = {
				kind = upToNextMajorVersion;
				minimumVersion = 5.19.3;
			};
		};
		94ABB4F72C2E898500370F39 /* XCRemoteSwiftPackageReference "SDWebImageWebPCoder" */ = {
			isa = XCRemoteSwiftPackageReference;
			repositoryURL = "https://github.com/SDWebImage/SDWebImageWebPCoder.git";
			requirement = {
				kind = upToNextMajorVersion;
				minimumVersion = 0.14.6;
			};
		};
/* End XCRemoteSwiftPackageReference section */

/* Begin XCSwiftPackageProductDependency section */
		94ABB4F32C2E896700370F39 /* SDWebImage */ = {
			isa = XCSwiftPackageProductDependency;
			package = 94ABB4F22C2E896700370F39 /* XCRemoteSwiftPackageReference "SDWebImage" */;
			productName = SDWebImage;
		};
		94ABB4F52C2E896700370F39 /* SDWebImageMapKit */ = {
			isa = XCSwiftPackageProductDependency;
			package = 94ABB4F22C2E896700370F39 /* XCRemoteSwiftPackageReference "SDWebImage" */;
			productName = SDWebImageMapKit;
		};
		94ABB4F82C2E898500370F39 /* SDWebImageWebPCoder */ = {
			isa = XCSwiftPackageProductDependency;
			package = 94ABB4F72C2E898500370F39 /* XCRemoteSwiftPackageReference "SDWebImageWebPCoder" */;
			productName = SDWebImageWebPCoder;
		};
/* End XCSwiftPackageProductDependency section */
	};
	rootObject = 94ABB4BD2C2E869700370F39 /* Project object */;
}
